
Microsoft Visual Studio Solution File, Format Version 12.00
# Visual Studio Version 17
VisualStudioVersion = 17.13.35919.96 d17.13
MinimumVisualStudioVersion = 10.0.40219.1
Project("{FAE04EC0-301F-11D3-BF4B-00C04F79EFBC}") = "tp6ej2", "tp6ej2\tp6ej2.csproj", "{43410501-443E-4748-8334-FA70A6AA3D53}"
EndProject
Global
	GlobalSection(SolutionConfigurationPlatforms) = preSolution
		Debug|Any CPU = Debug|Any CPU
		Release|Any CPU = Release|Any CPU
	EndGlobalSection
	GlobalSection(ProjectConfigurationPlatforms) = postSolution
		{43410501-443E-4748-8334-FA70A6AA3D53}.Debug|Any CPU.ActiveCfg = Debug|Any CPU
		{43410501-443E-4748-8334-FA70A6AA3D53}.Debug|Any CPU.Build.0 = Debug|Any CPU
		{43410501-443E-4748-8334-FA70A6AA3D53}.Release|Any CPU.ActiveCfg = Release|Any CPU
		{43410501-443E-4748-8334-FA70A6AA3D53}.Release|Any CPU.Build.0 = Release|Any CPU
	EndGlobalSection
	GlobalSection(SolutionProperties) = preSolution
		HideSolutionNode = FALSE
	EndGlobalSection
	GlobalSection(ExtensibilityGlobals) = postSolution
		SolutionGuid = {3A2B2910-FEB5-45BC-9EEE-9523D636B00F}
	EndGlobalSection
EndGlobal
